
Microsoft Visual Studio Solution File, Format Version 12.00
# Visual Studio Version 17
VisualStudioVersion = 17.11.35312.102
MinimumVisualStudioVersion = 10.0.40219.1
Project("{FAE04EC0-301F-11D3-BF4B-00C04F79EFBC}") = "lab10", "lab10.csproj", "{B6CBA77D-7B9C-4937-B7B5-E4DA96650F3C}"
EndProject
Global
	GlobalSection(SolutionConfigurationPlatforms) = preSolution
		Debug|Any CPU = Debug|Any CPU
		Release|Any CPU = Release|Any CPU
	EndGlobalSection
	GlobalSection(ProjectConfigurationPlatforms) = postSolution
		{B6CBA77D-7B9C-4937-B7B5-E4DA96650F3C}.Debug|Any CPU.ActiveCfg = Debug|Any CPU
		{B6CBA77D-7B9C-4937-B7B5-E4DA96650F3C}.Debug|Any CPU.Build.0 = Debug|Any CPU
		{B6CBA77D-7B9C-4937-B7B5-E4DA96650F3C}.Release|Any CPU.ActiveCfg = Release|Any CPU
		{B6CBA77D-7B9C-4937-B7B5-E4DA96650F3C}.Release|Any CPU.Build.0 = Release|Any CPU
	EndGlobalSection
	GlobalSection(SolutionProperties) = preSolution
		HideSolutionNode = FALSE
	EndGlobalSection
	GlobalSection(ExtensibilityGlobals) = postSolution
		SolutionGuid = {C2568D20-25F5-4FF0-AF0A-CC159429C4B4}
	EndGlobalSection
EndGlobal
